
Microsoft Visual Studio Solution File, Format Version 12.00
# Visual Studio Version 17
VisualStudioVersion = 17.2.32526.322
MinimumVisualStudioVersion = 10.0.40219.1
Project("{FAE04EC0-301F-11D3-BF4B-00C04F79EFBC}") = "Sanitize", "Sanitize\Sanitize.csproj", "{58AF8E65-8524-40D4-A473-C1B21272D0CB}"
EndProject
Global
	GlobalSection(SolutionConfigurationPlatforms) = preSolution
		Debug|Any CPU = Debug|Any CPU
		Release|Any CPU = Release|Any CPU
	EndGlobalSection
	GlobalSection(ProjectConfigurationPlatforms) = postSolution
		{58AF8E65-8524-40D4-A473-C1B21272D0CB}.Debug|Any CPU.ActiveCfg = Debug|Any CPU
		{58AF8E65-8524-40D4-A473-C1B21272D0CB}.Debug|Any CPU.Build.0 = Debug|Any CPU
		{58AF8E65-8524-40D4-A473-C1B21272D0CB}.Release|Any CPU.ActiveCfg = Release|Any CPU
		{58AF8E65-8524-40D4-A473-C1B21272D0CB}.Release|Any CPU.Build.0 = Release|Any CPU
	EndGlobalSection
	GlobalSection(SolutionProperties) = preSolution
		HideSolutionNode = FALSE
	EndGlobalSection
	GlobalSection(ExtensibilityGlobals) = postSolution
		SolutionGuid = {98F88C0A-06BA-4A2E-8205-7D42821F091C}
	EndGlobalSection
EndGlobal
